// !$*UTF8*$!
{
	archiveVersion = 1;
	classes = {
	};
	objectVersion = 50;
	objects = {

/* Begin PBXBuildFile section */
		AB51E5592251D0E900263F0A /* AppDelegate.swift in Sources */ = {isa = PBXBuildFile; fileRef = AB51E5582251D0E900263F0A /* AppDelegate.swift */; };
		AB51E55B2251D0E900263F0A /* ViewController.swift in Sources */ = {isa = PBXBuildFile; fileRef = AB51E55A2251D0E900263F0A /* ViewController.swift */; };
		AB51E55E2251D0E900263F0A /* Main.storyboard in Resources */ = {isa = PBXBuildFile; fileRef = AB51E55C2251D0E900263F0A /* Main.storyboard */; };
		AB51E5612251D0E900263F0A /* Tweeter.xcdatamodeld in Sources */ = {isa = PBXBuildFile; fileRef = AB51E55F2251D0E900263F0A /* Tweeter.xcdatamodeld */; };
		AB51E5632251D0ED00263F0A /* Assets.xcassets in Resources */ = {isa = PBXBuildFile; fileRef = AB51E5622251D0ED00263F0A /* Assets.xcassets */; };
		AB51E5662251D0ED00263F0A /* LaunchScreen.storyboard in Resources */ = {isa = PBXBuildFile; fileRef = AB51E5642251D0ED00263F0A /* LaunchScreen.storyboard */; };
		AB51E5712251D0ED00263F0A /* TweeterTests.swift in Sources */ = {isa = PBXBuildFile; fileRef = AB51E5702251D0ED00263F0A /* TweeterTests.swift */; };
		AB51E57C2251D0ED00263F0A /* TweeterUITests.swift in Sources */ = {isa = PBXBuildFile; fileRef = AB51E57B2251D0ED00263F0A /* TweeterUITests.swift */; };
		AB51E58D22523A5900263F0A /* TweeterViewController.swift in Sources */ = {isa = PBXBuildFile; fileRef = AB51E58C22523A5800263F0A /* TweeterViewController.swift */; };
		AB51E58F22523C7C00263F0A /* TweeterLogicController.swift in Sources */ = {isa = PBXBuildFile; fileRef = AB51E58E22523C7C00263F0A /* TweeterLogicController.swift */; };
		AB51E59022523C7C00263F0A /* TweeterLogicController.swift in Sources */ = {isa = PBXBuildFile; fileRef = AB51E58E22523C7C00263F0A /* TweeterLogicController.swift */; };
		AB51E59122523C7D00263F0A /* TweeterLogicController.swift in Sources */ = {isa = PBXBuildFile; fileRef = AB51E58E22523C7C00263F0A /* TweeterLogicController.swift */; };
		ABC6C3412253B547008A448C /* TweeterCell.swift in Sources */ = {isa = PBXBuildFile; fileRef = ABC6C3402253B547008A448C /* TweeterCell.swift */; };
/* End PBXBuildFile section */

/* Begin PBXContainerItemProxy section */
		AB51E56D2251D0ED00263F0A /* PBXContainerItemProxy */ = {
			isa = PBXContainerItemProxy;
			containerPortal = AB51E54D2251D0E900263F0A /* Project object */;
			proxyType = 1;
			remoteGlobalIDString = AB51E5542251D0E900263F0A;
			remoteInfo = Tweeter;
		};
		AB51E5782251D0ED00263F0A /* PBXContainerItemProxy */ = {
			isa = PBXContainerItemProxy;
			containerPortal = AB51E54D2251D0E900263F0A /* Project object */;
			proxyType = 1;
			remoteGlobalIDString = AB51E5542251D0E900263F0A;
			remoteInfo = Tweeter;
		};
/* End PBXContainerItemProxy section */

/* Begin PBXFileReference section */
		AB51E5552251D0E900263F0A /* Tweeter.app */ = {isa = PBXFileReference; explicitFileType = wrapper.application; includeInIndex = 0; path = Tweeter.app; sourceTree = BUILT_PRODUCTS_DIR; };
		AB51E5582251D0E900263F0A /* AppDelegate.swift */ = {isa = PBXFileReference; lastKnownFileType = sourcecode.swift; path = AppDelegate.swift; sourceTree = "<group>"; };
		AB51E55A2251D0E900263F0A /* ViewController.swift */ = {isa = PBXFileReference; lastKnownFileType = sourcecode.swift; path = ViewController.swift; sourceTree = "<group>"; };
		AB51E55D2251D0E900263F0A /* Base */ = {isa = PBXFileReference; lastKnownFileType = file.storyboard; name = Base; path = Base.lproj/Main.storyboard; sourceTree = "<group>"; };
		AB51E5602251D0E900263F0A /* Tweeter.xcdatamodel */ = {isa = PBXFileReference; lastKnownFileType = wrapper.xcdatamodel; path = Tweeter.xcdatamodel; sourceTree = "<group>"; };
		AB51E5622251D0ED00263F0A /* Assets.xcassets */ = {isa = PBXFileReference; lastKnownFileType = folder.assetcatalog; path = Assets.xcassets; sourceTree = "<group>"; };
		AB51E5652251D0ED00263F0A /* Base */ = {isa = PBXFileReference; lastKnownFileType = file.storyboard; name = Base; path = Base.lproj/LaunchScreen.storyboard; sourceTree = "<group>"; };
		AB51E5672251D0ED00263F0A /* Info.plist */ = {isa = PBXFileReference; lastKnownFileType = text.plist.xml; path = Info.plist; sourceTree = "<group>"; };
		AB51E56C2251D0ED00263F0A /* TweeterTests.xctest */ = {isa = PBXFileReference; explicitFileType = wrapper.cfbundle; includeInIndex = 0; path = TweeterTests.xctest; sourceTree = BUILT_PRODUCTS_DIR; };
		AB51E5702251D0ED00263F0A /* TweeterTests.swift */ = {isa = PBXFileReference; lastKnownFileType = sourcecode.swift; path = TweeterTests.swift; sourceTree = "<group>"; };
		AB51E5722251D0ED00263F0A /* Info.plist */ = {isa = PBXFileReference; lastKnownFileType = text.plist.xml; path = Info.plist; sourceTree = "<group>"; };
		AB51E5772251D0ED00263F0A /* TweeterUITests.xctest */ = {isa = PBXFileReference; explicitFileType = wrapper.cfbundle; includeInIndex = 0; path = TweeterUITests.xctest; sourceTree = BUILT_PRODUCTS_DIR; };
		AB51E57B2251D0ED00263F0A /* TweeterUITests.swift */ = {isa = PBXFileReference; lastKnownFileType = sourcecode.swift; path = TweeterUITests.swift; sourceTree = "<group>"; };
		AB51E57D2251D0ED00263F0A /* Info.plist */ = {isa = PBXFileReference; lastKnownFileType = text.plist.xml; path = Info.plist; sourceTree = "<group>"; };
		AB51E58C22523A5800263F0A /* TweeterViewController.swift */ = {isa = PBXFileReference; lastKnownFileType = sourcecode.swift; path = TweeterViewController.swift; sourceTree = "<group>"; };
		AB51E58E22523C7C00263F0A /* TweeterLogicController.swift */ = {isa = PBXFileReference; lastKnownFileType = sourcecode.swift; path = TweeterLogicController.swift; sourceTree = "<group>"; };
		ABC6C3402253B547008A448C /* TweeterCell.swift */ = {isa = PBXFileReference; lastKnownFileType = sourcecode.swift; path = TweeterCell.swift; sourceTree = "<group>"; };
/* End PBXFileReference section */

/* Begin PBXFrameworksBuildPhase section */
		AB51E5522251D0E900263F0A /* Frameworks */ = {
			isa = PBXFrameworksBuildPhase;
			buildActionMask = 2147483647;
			files = (
			);
			runOnlyForDeploymentPostprocessing = 0;
		};
		AB51E5692251D0ED00263F0A /* Frameworks */ = {
			isa = PBXFrameworksBuildPhase;
			buildActionMask = 2147483647;
			files = (
			);
			runOnlyForDeploymentPostprocessing = 0;
		};
		AB51E5742251D0ED00263F0A /* Frameworks */ = {
			isa = PBXFrameworksBuildPhase;
			buildActionMask = 2147483647;
			files = (
			);
			runOnlyForDeploymentPostprocessing = 0;
		};
/* End PBXFrameworksBuildPhase section */

/* Begin PBXGroup section */
		AB51E54C2251D0E900263F0A = {
			isa = PBXGroup;
			children = (
				AB51E58B22523A3400263F0A /* Controller */,
				AB51E58A22523A2C00263F0A /* View */,
				AB51E58922523A1D00263F0A /* Model */,
				AB51E5572251D0E900263F0A /* Tweeter */,
				AB51E56F2251D0ED00263F0A /* TweeterTests */,
				AB51E57A2251D0ED00263F0A /* TweeterUITests */,
				AB51E5562251D0E900263F0A /* Products */,
			);
			sourceTree = "<group>";
		};
		AB51E5562251D0E900263F0A /* Products */ = {
			isa = PBXGroup;
			children = (
				AB51E5552251D0E900263F0A /* Tweeter.app */,
				AB51E56C2251D0ED00263F0A /* TweeterTests.xctest */,
				AB51E5772251D0ED00263F0A /* TweeterUITests.xctest */,
			);
			name = Products;
			sourceTree = "<group>";
		};
		AB51E5572251D0E900263F0A /* Tweeter */ = {
			isa = PBXGroup;
			children = (
				AB51E5582251D0E900263F0A /* AppDelegate.swift */,
				AB51E55A2251D0E900263F0A /* ViewController.swift */,
				AB51E55C2251D0E900263F0A /* Main.storyboard */,
				AB51E5622251D0ED00263F0A /* Assets.xcassets */,
				AB51E5642251D0ED00263F0A /* LaunchScreen.storyboard */,
				AB51E5672251D0ED00263F0A /* Info.plist */,
				AB51E55F2251D0E900263F0A /* Tweeter.xcdatamodeld */,
			);
			path = Tweeter;
			sourceTree = "<group>";
		};
		AB51E56F2251D0ED00263F0A /* TweeterTests */ = {
			isa = PBXGroup;
			children = (
				AB51E5702251D0ED00263F0A /* TweeterTests.swift */,
				AB51E5722251D0ED00263F0A /* Info.plist */,
			);
			path = TweeterTests;
			sourceTree = "<group>";
		};
		AB51E57A2251D0ED00263F0A /* TweeterUITests */ = {
			isa = PBXGroup;
			children = (
				AB51E57B2251D0ED00263F0A /* TweeterUITests.swift */,
				AB51E57D2251D0ED00263F0A /* Info.plist */,
			);
			path = TweeterUITests;
			sourceTree = "<group>";
		};
		AB51E58922523A1D00263F0A /* Model */ = {
			isa = PBXGroup;
			children = (
			);
			path = Model;
			sourceTree = "<group>";
		};
		AB51E58A22523A2C00263F0A /* View */ = {
			isa = PBXGroup;
			children = (
				AB51E58C22523A5800263F0A /* TweeterViewController.swift */,
				ABC6C3402253B547008A448C /* TweeterCell.swift */,
			);
			path = View;
			sourceTree = "<group>";
		};
		AB51E58B22523A3400263F0A /* Controller */ = {
			isa = PBXGroup;
			children = (
				AB51E58E22523C7C00263F0A /* TweeterLogicController.swift */,
			);
			path = Controller;
			sourceTree = "<group>";
		};
/* End PBXGroup section */

/* Begin PBXNativeTarget section */
		AB51E5542251D0E900263F0A /* Tweeter */ = {
			isa = PBXNativeTarget;
			buildConfigurationList = AB51E5802251D0ED00263F0A /* Build configuration list for PBXNativeTarget "Tweeter" */;
			buildPhases = (
				AB51E5512251D0E900263F0A /* Sources */,
				AB51E5522251D0E900263F0A /* Frameworks */,
				AB51E5532251D0E900263F0A /* Resources */,
			);
			buildRules = (
			);
			dependencies = (
			);
			name = Tweeter;
			productName = Tweeter;
			productReference = AB51E5552251D0E900263F0A /* Tweeter.app */;
			productType = "com.apple.product-type.application";
		};
		AB51E56B2251D0ED00263F0A /* TweeterTests */ = {
			isa = PBXNativeTarget;
			buildConfigurationList = AB51E5832251D0ED00263F0A /* Build configuration list for PBXNativeTarget "TweeterTests" */;
			buildPhases = (
				AB51E5682251D0ED00263F0A /* Sources */,
				AB51E5692251D0ED00263F0A /* Frameworks */,
				AB51E56A2251D0ED00263F0A /* Resources */,
			);
			buildRules = (
			);
			dependencies = (
				AB51E56E2251D0ED00263F0A /* PBXTargetDependency */,
			);
			name = TweeterTests;
			productName = TweeterTests;
			productReference = AB51E56C2251D0ED00263F0A /* TweeterTests.xctest */;
			productType = "com.apple.product-type.bundle.unit-test";
		};
		AB51E5762251D0ED00263F0A /* TweeterUITests */ = {
			isa = PBXNativeTarget;
			buildConfigurationList = AB51E5862251D0ED00263F0A /* Build configuration list for PBXNativeTarget "TweeterUITests" */;
			buildPhases = (
				AB51E5732251D0ED00263F0A /* Sources */,
				AB51E5742251D0ED00263F0A /* Frameworks */,
				AB51E5752251D0ED00263F0A /* Resources */,
			);
			buildRules = (
			);
			dependencies = (
				AB51E5792251D0ED00263F0A /* PBXTargetDependency */,
			);
			name = TweeterUITests;
			productName = TweeterUITests;
			productReference = AB51E5772251D0ED00263F0A /* TweeterUITests.xctest */;
			productType = "com.apple.product-type.bundle.ui-testing";
		};
/* End PBXNativeTarget section */

/* Begin PBXProject section */
		AB51E54D2251D0E900263F0A /* Project object */ = {
			isa = PBXProject;
			attributes = {
				LastSwiftUpdateCheck = 1010;
				LastUpgradeCheck = 1010;
				ORGANIZATIONNAME = "Jann Aleli Zaplan";
				TargetAttributes = {
					AB51E5542251D0E900263F0A = {
						CreatedOnToolsVersion = 10.1;
					};
					AB51E56B2251D0ED00263F0A = {
						CreatedOnToolsVersion = 10.1;
						TestTargetID = AB51E5542251D0E900263F0A;
					};
					AB51E5762251D0ED00263F0A = {
						CreatedOnToolsVersion = 10.1;
						TestTargetID = AB51E5542251D0E900263F0A;
					};
				};
			};
			buildConfigurationList = AB51E5502251D0E900263F0A /* Build configuration list for PBXProject "Tweeter" */;
			compatibilityVersion = "Xcode 9.3";
			developmentRegion = en;
			hasScannedForEncodings = 0;
			knownRegions = (
				en,
				Base,
			);
			mainGroup = AB51E54C2251D0E900263F0A;
			productRefGroup = AB51E5562251D0E900263F0A /* Products */;
			projectDirPath = "";
			projectRoot = "";
			targets = (
				AB51E5542251D0E900263F0A /* Tweeter */,
				AB51E56B2251D0ED00263F0A /* TweeterTests */,
				AB51E5762251D0ED00263F0A /* TweeterUITests */,
			);
		};
/* End PBXProject section */

/* Begin PBXResourcesBuildPhase section */
		AB51E5532251D0E900263F0A /* Resources */ = {
			isa = PBXResourcesBuildPhase;
			buildActionMask = 2147483647;
			files = (
				AB51E5662251D0ED00263F0A /* LaunchScreen.storyboard in Resources */,
				AB51E5632251D0ED00263F0A /* Assets.xcassets in Resources */,
				AB51E55E2251D0E900263F0A /* Main.storyboard in Resources */,
			);
			runOnlyForDeploymentPostprocessing = 0;
		};
		AB51E56A2251D0ED00263F0A /* Resources */ = {
			isa = PBXResourcesBuildPhase;
			buildActionMask = 2147483647;
			files = (
			);
			runOnlyForDeploymentPostprocessing = 0;
		};
		AB51E5752251D0ED00263F0A /* Resources */ = {
			isa = PBXResourcesBuildPhase;
			buildActionMask = 2147483647;
			files = (
			);
			runOnlyForDeploymentPostprocessing = 0;
		};
/* End PBXResourcesBuildPhase section */

/* Begin PBXSourcesBuildPhase section */
		AB51E5512251D0E900263F0A /* Sources */ = {
			isa = PBXSourcesBuildPhase;
			buildActionMask = 2147483647;
			files = (
				ABC6C3412253B547008A448C /* TweeterCell.swift in Sources */,
				AB51E58D22523A5900263F0A /* TweeterViewController.swift in Sources */,
				AB51E5612251D0E900263F0A /* Tweeter.xcdatamodeld in Sources */,
				AB51E58F22523C7C00263F0A /* TweeterLogicController.swift in Sources */,
				AB51E55B2251D0E900263F0A /* ViewController.swift in Sources */,
				AB51E5592251D0E900263F0A /* AppDelegate.swift in Sources */,
			);
			runOnlyForDeploymentPostprocessing = 0;
		};
		AB51E5682251D0ED00263F0A /* Sources */ = {
			isa = PBXSourcesBuildPhase;
			buildActionMask = 2147483647;
			files = (
				AB51E5712251D0ED00263F0A /* TweeterTests.swift in Sources */,
				AB51E59022523C7C00263F0A /* TweeterLogicController.swift in Sources */,
			);
			runOnlyForDeploymentPostprocessing = 0;
		};
		AB51E5732251D0ED00263F0A /* Sources */ = {
			isa = PBXSourcesBuildPhase;
			buildActionMask = 2147483647;
			files = (
				AB51E57C2251D0ED00263F0A /* TweeterUITests.swift in Sources */,
				AB51E59122523C7D00263F0A /* TweeterLogicController.swift in Sources */,
			);
			runOnlyForDeploymentPostprocessing = 0;
		};
/* End PBXSourcesBuildPhase section */

/* Begin PBXTargetDependency section */
		AB51E56E2251D0ED00263F0A /* PBXTargetDependency */ = {
			isa = PBXTargetDependency;
			target = AB51E5542251D0E900263F0A /* Tweeter */;
			targetProxy = AB51E56D2251D0ED00263F0A /* PBXContainerItemProxy */;
		};
		AB51E5792251D0ED00263F0A /* PBXTargetDependency */ = {
			isa = PBXTargetDependency;
			target = AB51E5542251D0E900263F0A /* Tweeter */;
			targetProxy = AB51E5782251D0ED00263F0A /* PBXContainerItemProxy */;
		};
/* End PBXTargetDependency section */

/* Begin PBXVariantGroup section */
		AB51E55C2251D0E900263F0A /* Main.storyboard */ = {
			isa = PBXVariantGroup;
			children = (
				AB51E55D2251D0E900263F0A /* Base */,
			);
			name = Main.storyboard;
			sourceTree = "<group>";
		};
		AB51E5642251D0ED00263F0A /* LaunchScreen.storyboard */ = {
			isa = PBXVariantGroup;
			children = (
				AB51E5652251D0ED00263F0A /* Base */,
			);
			name = LaunchScreen.storyboard;
			sourceTree = "<group>";
		};
/* End PBXVariantGroup section */

/* Begin XCBuildConfiguration section */
		AB51E57E2251D0ED00263F0A /* Debug */ = {
			isa = XCBuildConfiguration;
			buildSettings = {
				ALWAYS_SEARCH_USER_PATHS = NO;
				CLANG_ANALYZER_NONNULL = YES;
				CLANG_ANALYZER_NUMBER_OBJECT_CONVERSION = YES_AGGRESSIVE;
				CLANG_CXX_LANGUAGE_STANDARD = "gnu++14";
				CLANG_CXX_LIBRARY = "libc++";
				CLANG_ENABLE_MODULES = YES;
				CLANG_ENABLE_OBJC_ARC = YES;
				CLANG_ENABLE_OBJC_WEAK = YES;
				CLANG_WARN_BLOCK_CAPTURE_AUTORELEASING = YES;
				CLANG_WARN_BOOL_CONVERSION = YES;
				CLANG_WARN_COMMA = YES;
				CLANG_WARN_CONSTANT_CONVERSION = YES;
				CLANG_WARN_DEPRECATED_OBJC_IMPLEMENTATIONS = YES;
				CLANG_WARN_DIRECT_OBJC_ISA_USAGE = YES_ERROR;
				CLANG_WARN_DOCUMENTATION_COMMENTS = YES;
				CLANG_WARN_EMPTY_BODY = YES;
				CLANG_WARN_ENUM_CONVERSION = YES;
				CLANG_WARN_INFINITE_RECURSION = YES;
				CLANG_WARN_INT_CONVERSION = YES;
				CLANG_WARN_NON_LITERAL_NULL_CONVERSION = YES;
				CLANG_WARN_OBJC_IMPLICIT_RETAIN_SELF = YES;
				CLANG_WARN_OBJC_LITERAL_CONVERSION = YES;
				CLANG_WARN_OBJC_ROOT_CLASS = YES_ERROR;
				CLANG_WARN_RANGE_LOOP_ANALYSIS = YES;
				CLANG_WARN_STRICT_PROTOTYPES = YES;
				CLANG_WARN_SUSPICIOUS_MOVE = YES;
				CLANG_WARN_UNGUARDED_AVAILABILITY = YES_AGGRESSIVE;
				CLANG_WARN_UNREACHABLE_CODE = YES;
				CLANG_WARN__DUPLICATE_METHOD_MATCH = YES;
				CODE_SIGN_IDENTITY = "iPhone Developer";
				COPY_PHASE_STRIP = NO;
				DEBUG_INFORMATION_FORMAT = dwarf;
				ENABLE_STRICT_OBJC_MSGSEND = YES;
				ENABLE_TESTABILITY = YES;
				GCC_C_LANGUAGE_STANDARD = gnu11;
				GCC_DYNAMIC_NO_PIC = NO;
				GCC_NO_COMMON_BLOCKS = YES;
				GCC_OPTIMIZATION_LEVEL = 0;
				GCC_PREPROCESSOR_DEFINITIONS = (
					"DEBUG=1",
					"$(inherited)",
				);
				GCC_WARN_64_TO_32_BIT_CONVERSION = YES;
				GCC_WARN_ABOUT_RETURN_TYPE = YES_ERROR;
				GCC_WARN_UNDECLARED_SELECTOR = YES;
				GCC_WARN_UNINITIALIZED_AUTOS = YES_AGGRESSIVE;
				GCC_WARN_UNUSED_FUNCTION = YES;
				GCC_WARN_UNUSED_VARIABLE = YES;
				IPHONEOS_DEPLOYMENT_TARGET = 12.1;
				MTL_ENABLE_DEBUG_INFO = INCLUDE_SOURCE;
				MTL_FAST_MATH = YES;
				ONLY_ACTIVE_ARCH = YES;
				SDKROOT = iphoneos;
				SWIFT_ACTIVE_COMPILATION_CONDITIONS = DEBUG;
				SWIFT_OPTIMIZATION_LEVEL = "-Onone";
			};
			name = Debug;
		};
		AB51E57F2251D0ED00263F0A /* Release */ = {
			isa = XCBuildConfiguration;
			buildSettings = {
				ALWAYS_SEARCH_USER_PATHS = NO;
				CLANG_ANALYZER_NONNULL = YES;
				CLANG_ANALYZER_NUMBER_OBJECT_CONVERSION = YES_AGGRESSIVE;
				CLANG_CXX_LANGUAGE_STANDARD = "gnu++14";
				CLANG_CXX_LIBRARY = "libc++";
				CLANG_ENABLE_MODULES = YES;
				CLANG_ENABLE_OBJC_ARC = YES;
				CLANG_ENABLE_OBJC_WEAK = YES;
				CLANG_WARN_BLOCK_CAPTURE_AUTORELEASING = YES;
				CLANG_WARN_BOOL_CONVERSION = YES;
				CLANG_WARN_COMMA = YES;
				CLANG_WARN_CONSTANT_CONVERSION = YES;
				CLANG_WARN_DEPRECATED_OBJC_IMPLEMENTATIONS = YES;
				CLANG_WARN_DIRECT_OBJC_ISA_USAGE = YES_ERROR;
				CLANG_WARN_DOCUMENTATION_COMMENTS = YES;
				CLANG_WARN_EMPTY_BODY = YES;
				CLANG_WARN_ENUM_CONVERSION = YES;
				CLANG_WARN_INFINITE_RECURSION = YES;
				CLANG_WARN_INT_CONVERSION = YES;
				CLANG_WARN_NON_LITERAL_NULL_CONVERSION = YES;
				CLANG_WARN_OBJC_IMPLICIT_RETAIN_SELF = YES;
				CLANG_WARN_OBJC_LITERAL_CONVERSION = YES;
				CLANG_WARN_OBJC_ROOT_CLASS = YES_ERROR;
				CLANG_WARN_RANGE_LOOP_ANALYSIS = YES;
				CLANG_WARN_STRICT_PROTOTYPES = YES;
				CLANG_WARN_SUSPICIOUS_MOVE = YES;
				CLANG_WARN_UNGUARDED_AVAILABILITY = YES_AGGRESSIVE;
				CLANG_WARN_UNREACHABLE_CODE = YES;
				CLANG_WARN__DUPLICATE_METHOD_MATCH = YES;
				CODE_SIGN_IDENTITY = "iPhone Developer";
				COPY_PHASE_STRIP = NO;
				DEBUG_INFORMATION_FORMAT = "dwarf-with-dsym";
				ENABLE_NS_ASSERTIONS = NO;
				ENABLE_STRICT_OBJC_MSGSEND = YES;
				GCC_C_LANGUAGE_STANDARD = gnu11;
				GCC_NO_COMMON_BLOCKS = YES;
				GCC_WARN_64_TO_32_BIT_CONVERSION = YES;
				GCC_WARN_ABOUT_RETURN_TYPE = YES_ERROR;
				GCC_WARN_UNDECLARED_SELECTOR = YES;
				GCC_WARN_UNINITIALIZED_AUTOS = YES_AGGRESSIVE;
				GCC_WARN_UNUSED_FUNCTION = YES;
				GCC_WARN_UNUSED_VARIABLE = YES;
				IPHONEOS_DEPLOYMENT_TARGET = 12.1;
				MTL_ENABLE_DEBUG_INFO = NO;
				MTL_FAST_MATH = YES;
				SDKROOT = iphoneos;
				SWIFT_COMPILATION_MODE = wholemodule;
				SWIFT_OPTIMIZATION_LEVEL = "-O";
				VALIDATE_PRODUCT = YES;
			};
			name = Release;
		};
		AB51E5812251D0ED00263F0A /* Debug */ = {
			isa = XCBuildConfiguration;
			buildSettings = {
				ASSETCATALOG_COMPILER_APPICON_NAME = AppIcon;
				CODE_SIGN_STYLE = Automatic;
				DEVELOPMENT_TEAM = J688YA85GR;
				INFOPLIST_FILE = Tweeter/Info.plist;
				LD_RUNPATH_SEARCH_PATHS = (
					"$(inherited)",
					"@executable_path/Frameworks",
				);
				PRODUCT_BUNDLE_IDENTIFIER = com.team.Tweeter;
				PRODUCT_NAME = "$(TARGET_NAME)";
				SWIFT_VERSION = 4.2;
				TARGETED_DEVICE_FAMILY = "1,2";
			};
			name = Debug;
		};
		AB51E5822251D0ED00263F0A /* Release */ = {
			isa = XCBuildConfiguration;
			buildSettings = {
				ASSETCATALOG_COMPILER_APPICON_NAME = AppIcon;
				CODE_SIGN_STYLE = Automatic;
				DEVELOPMENT_TEAM = J688YA85GR;
				INFOPLIST_FILE = Tweeter/Info.plist;
				LD_RUNPATH_SEARCH_PATHS = (
					"$(inherited)",
					"@executable_path/Frameworks",
				);
				PRODUCT_BUNDLE_IDENTIFIER = com.team.Tweeter;
				PRODUCT_NAME = "$(TARGET_NAME)";
				SWIFT_VERSION = 4.2;
				TARGETED_DEVICE_FAMILY = "1,2";
			};
			name = Release;
		};
		AB51E5842251D0ED00263F0A /* Debug */ = {
			isa = XCBuildConfiguration;
			buildSettings = {
				ALWAYS_EMBED_SWIFT_STANDARD_LIBRARIES = YES;
				BUNDLE_LOADER = "$(TEST_HOST)";
				CODE_SIGN_STYLE = Automatic;
				DEVELOPMENT_TEAM = J688YA85GR;
				INFOPLIST_FILE = TweeterTests/Info.plist;
				LD_RUNPATH_SEARCH_PATHS = (
					"$(inherited)",
					"@executable_path/Frameworks",
					"@loader_path/Frameworks",
				);
				PRODUCT_BUNDLE_IDENTIFIER = com.team.TweeterTests;
				PRODUCT_NAME = "$(TARGET_NAME)";
				SWIFT_VERSION = 4.2;
				TARGETED_DEVICE_FAMILY = "1,2";
				TEST_HOST = "$(BUILT_PRODUCTS_DIR)/Tweeter.app/Tweeter";
			};
			name = Debug;
		};
		AB51E5852251D0ED00263F0A /* Release */ = {
			isa = XCBuildConfiguration;
			buildSettings = {
				ALWAYS_EMBED_SWIFT_STANDARD_LIBRARIES = YES;
				BUNDLE_LOADER = "$(TEST_HOST)";
				CODE_SIGN_STYLE = Automatic;
				DEVELOPMENT_TEAM = J688YA85GR;
				INFOPLIST_FILE = TweeterTests/Info.plist;
				LD_RUNPATH_SEARCH_PATHS = (
					"$(inherited)",
					"@executable_path/Frameworks",
					"@loader_path/Frameworks",
				);
				PRODUCT_BUNDLE_IDENTIFIER = com.team.TweeterTests;
				PRODUCT_NAME = "$(TARGET_NAME)";
				SWIFT_VERSION = 4.2;
				TARGETED_DEVICE_FAMILY = "1,2";
				TEST_HOST = "$(BUILT_PRODUCTS_DIR)/Tweeter.app/Tweeter";
			};
			name = Release;
		};
		AB51E5872251D0ED00263F0A /* Debug */ = {
			isa = XCBuildConfiguration;
			buildSettings = {
				ALWAYS_EMBED_SWIFT_STANDARD_LIBRARIES = YES;
				CODE_SIGN_STYLE = Automatic;
				DEVELOPMENT_TEAM = J688YA85GR;
				INFOPLIST_FILE = TweeterUITests/Info.plist;
				LD_RUNPATH_SEARCH_PATHS = (
					"$(inherited)",
					"@executable_path/Frameworks",
					"@loader_path/Frameworks",
				);
				PRODUCT_BUNDLE_IDENTIFIER = com.team.TweeterUITests;
				PRODUCT_NAME = "$(TARGET_NAME)";
				SWIFT_VERSION = 4.2;
				TARGETED_DEVICE_FAMILY = "1,2";
				TEST_TARGET_NAME = Tweeter;
			};
			name = Debug;
		};
		AB51E5882251D0ED00263F0A /* Release */ = {
			isa = XCBuildConfiguration;
			buildSettings = {
				ALWAYS_EMBED_SWIFT_STANDARD_LIBRARIES = YES;
				CODE_SIGN_STYLE = Automatic;
				DEVELOPMENT_TEAM = J688YA85GR;
				INFOPLIST_FILE = TweeterUITests/Info.plist;
				LD_RUNPATH_SEARCH_PATHS = (
					"$(inherited)",
					"@executable_path/Frameworks",
					"@loader_path/Frameworks",
				);
				PRODUCT_BUNDLE_IDENTIFIER = com.team.TweeterUITests;
				PRODUCT_NAME = "$(TARGET_NAME)";
				SWIFT_VERSION = 4.2;
				TARGETED_DEVICE_FAMILY = "1,2";
				TEST_TARGET_NAME = Tweeter;
			};
			name = Release;
		};
/* End XCBuildConfiguration section */

/* Begin XCConfigurationList section */
		AB51E5502251D0E900263F0A /* Build configuration list for PBXProject "Tweeter" */ = {
			isa = XCConfigurationList;
			buildConfigurations = (
				AB51E57E2251D0ED00263F0A /* Debug */,
				AB51E57F2251D0ED00263F0A /* Release */,
			);
			defaultConfigurationIsVisible = 0;
			defaultConfigurationName = Release;
		};
		AB51E5802251D0ED00263F0A /* Build configuration list for PBXNativeTarget "Tweeter" */ = {
			isa = XCConfigurationList;
			buildConfigurations = (
				AB51E5812251D0ED00263F0A /* Debug */,
				AB51E5822251D0ED00263F0A /* Release */,
			);
			defaultConfigurationIsVisible = 0;
			defaultConfigurationName = Release;
		};
		AB51E5832251D0ED00263F0A /* Build configuration list for PBXNativeTarget "TweeterTests" */ = {
			isa = XCConfigurationList;
			buildConfigurations = (
				AB51E5842251D0ED00263F0A /* Debug */,
				AB51E5852251D0ED00263F0A /* Release */,
			);
			defaultConfigurationIsVisible = 0;
			defaultConfigurationName = Release;
		};
		AB51E5862251D0ED00263F0A /* Build configuration list for PBXNativeTarget "TweeterUITests" */ = {
			isa = XCConfigurationList;
			buildConfigurations = (
				AB51E5872251D0ED00263F0A /* Debug */,
				AB51E5882251D0ED00263F0A /* Release */,
			);
			defaultConfigurationIsVisible = 0;
			defaultConfigurationName = Release;
		};
/* End XCConfigurationList section */

/* Begin XCVersionGroup section */
		AB51E55F2251D0E900263F0A /* Tweeter.xcdatamodeld */ = {
			isa = XCVersionGroup;
			children = (
				AB51E5602251D0E900263F0A /* Tweeter.xcdatamodel */,
			);
			currentVersion = AB51E5602251D0E900263F0A /* Tweeter.xcdatamodel */;
			path = Tweeter.xcdatamodeld;
			sourceTree = "<group>";
			versionGroupType = wrapper.xcdatamodel;
		};
/* End XCVersionGroup section */
	};
	rootObject = AB51E54D2251D0E900263F0A /* Project object */;
}
